bitbucket.org/nulljet/go_ignt_func_deps v0.0.0-20240115140950-253b573565a6 h1:AVWfzjm3f4ml6PXUgzL/e0wX11jsA6Izmo+f9X3ohLE=
bitbucket.org/nulljet/go_ignt_func_deps v0.0.0-20240115140950-253b573565a6/go.mod h1:1j1xL5gQ48dLrm1UKa5f51lOrkpNb1BGuLFxoUtTmZ4=
bitbucket.org/nulljet/go_ignt_func_deps v0.0.0-20240218084702-9057666e012b h1:/dM6xOTBJDvcXtvczMxlGuqKKln44+IFP+mwpRfDVsU=
bitbucket.org/nulljet/go_ignt_func_deps v0.0.0-20240218084702-9057666e012b/go.mod h1:1j1xL5gQ48dLrm1UKa5f51lOrkpNb1BGuLFxoUtTmZ4=
